
Microsoft Visual Studio Solution File, Format Version 12.00
# Visual Studio 15
VisualStudioVersion = 15.0.26403.7
MinimumVisualStudioVersion = 10.0.40219.1
Project("{FAE04EC0-301F-11D3-BF4B-00C04F79EFBC}") = "Soru-2-Form", "Soru-2-Form\Soru-2-Form.csproj", "{026C0FEC-3972-4C47-B4E5-1CAB6616B80A}"
EndProject
Global
	GlobalSection(SolutionConfigurationPlatforms) = preSolution
		Debug|Any CPU = Debug|Any CPU
		Release|Any CPU = Release|Any CPU
	EndGlobalSection
	GlobalSection(ProjectConfigurationPlatforms) = postSolution
		{026C0FEC-3972-4C47-B4E5-1CAB6616B80A}.Debug|Any CPU.ActiveCfg = Debug|Any CPU
		{026C0FEC-3972-4C47-B4E5-1CAB6616B80A}.Debug|Any CPU.Build.0 = Debug|Any CPU
		{026C0FEC-3972-4C47-B4E5-1CAB6616B80A}.Release|Any CPU.ActiveCfg = Release|Any CPU
		{026C0FEC-3972-4C47-B4E5-1CAB6616B80A}.Release|Any CPU.Build.0 = Release|Any CPU
	EndGlobalSection
	GlobalSection(SolutionProperties) = preSolution
		HideSolutionNode = FALSE
	EndGlobalSection
EndGlobal
