
Microsoft Visual Studio Solution File, Format Version 12.00
# Visual Studio 15
VisualStudioVersion = 15.0.26403.7
MinimumVisualStudioVersion = 10.0.40219.1
Project("{FAE04EC0-301F-11D3-BF4B-00C04F79EFBC}") = "Soru-3-Form", "Soru-3-Form\Soru-3-Form.csproj", "{DFEB555B-C6C7-406C-819F-7859DB98F09A}"
EndProject
Global
	GlobalSection(SolutionConfigurationPlatforms) = preSolution
		Debug|Any CPU = Debug|Any CPU
		Release|Any CPU = Release|Any CPU
	EndGlobalSection
	GlobalSection(ProjectConfigurationPlatforms) = postSolution
		{DFEB555B-C6C7-406C-819F-7859DB98F09A}.Debug|Any CPU.ActiveCfg = Debug|Any CPU
		{DFEB555B-C6C7-406C-819F-7859DB98F09A}.Debug|Any CPU.Build.0 = Debug|Any CPU
		{DFEB555B-C6C7-406C-819F-7859DB98F09A}.Release|Any CPU.ActiveCfg = Release|Any CPU
		{DFEB555B-C6C7-406C-819F-7859DB98F09A}.Release|Any CPU.Build.0 = Release|Any CPU
	EndGlobalSection
	GlobalSection(SolutionProperties) = preSolution
		HideSolutionNode = FALSE
	EndGlobalSection
EndGlobal
